PODS:
  - Capacitor (2.4.4):
    - CapacitorCordova
  - CapacitorCordova (2.4.4)

DEPENDENCIES:
  - "Capacitor (from `../node_modules/@capacitor/ios`)"
  - "CapacitorCordova (from `../node_modules/@capacitor/ios`)"

EXTERNAL SOURCES:
  Capacitor:
    :path: "../node_modules/@capacitor/ios"
  CapacitorCordova:
    :path: "../node_modules/@capacitor/ios"

SPEC CHECKSUMS:
  Capacitor: 2dea24072352e464985913bafb9fb96aa27c0ffa
  CapacitorCordova: da4e0a9d94c697f9bba4a48749ce85efe142912c

PODFILE CHECKSUM: e66d6fa04b0daaf06d8498d39637adf77139c716

COCOAPODS: 1.6.1
